
Microsoft Visual Studio Solution File, Format Version 12.00
Project("{FAE04EC0-301F-11D3-BF4B-00C04F79EFBC}") = "ParsingString", "ParsingString\ParsingString.csproj", "{07AD59F4-B842-47D1-AB8A-13ACFDF74DD4}"
EndProject
Global
	GlobalSection(SolutionConfigurationPlatforms) = preSolution
		Debug|Any CPU = Debug|Any CPU
		Release|Any CPU = Release|Any CPU
	EndGlobalSection
	GlobalSection(ProjectConfigurationPlatforms) = postSolution
		{07AD59F4-B842-47D1-AB8A-13ACFDF74DD4}.Debug|Any CPU.ActiveCfg = Debug|Any CPU
		{07AD59F4-B842-47D1-AB8A-13ACFDF74DD4}.Debug|Any CPU.Build.0 = Debug|Any CPU
		{07AD59F4-B842-47D1-AB8A-13ACFDF74DD4}.Release|Any CPU.ActiveCfg = Release|Any CPU
		{07AD59F4-B842-47D1-AB8A-13ACFDF74DD4}.Release|Any CPU.Build.0 = Release|Any CPU
	EndGlobalSection
EndGlobal
